
Microsoft Visual Studio Solution File, Format Version 12.00
# Visual Studio Version 16
VisualStudioVersion = 16.0.29806.167
MinimumVisualStudioVersion = 10.0.40219.1
Project("{9A19103F-16F7-4668-BE54-9A1E7A4F7556}") = "PhotoAlbum.Api", "PhotoAlbum.Api\PhotoAlbum.Api.csproj", "{5A1C575A-F7D1-4E83-A1DC-A4836AA4E340}"
EndProject
Project("{FAE04EC0-301F-11D3-BF4B-00C04F79EFBC}") = "PhotoAlbum.Test", "PhotoAlbum.Test\PhotoAlbum.Test.csproj", "{DD9C1259-11E9-43A7-BFCF-EEF78795A14A}"
EndProject
Global
	GlobalSection(SolutionConfigurationPlatforms) = preSolution
		Debug|Any CPU = Debug|Any CPU
		Release|Any CPU = Release|Any CPU
	EndGlobalSection
	GlobalSection(ProjectConfigurationPlatforms) = postSolution
		{5A1C575A-F7D1-4E83-A1DC-A4836AA4E340}.Debug|Any CPU.ActiveCfg = Debug|Any CPU
		{5A1C575A-F7D1-4E83-A1DC-A4836AA4E340}.Debug|Any CPU.Build.0 = Debug|Any CPU
		{5A1C575A-F7D1-4E83-A1DC-A4836AA4E340}.Release|Any CPU.ActiveCfg = Release|Any CPU
		{5A1C575A-F7D1-4E83-A1DC-A4836AA4E340}.Release|Any CPU.Build.0 = Release|Any CPU
		{DD9C1259-11E9-43A7-BFCF-EEF78795A14A}.Debug|Any CPU.ActiveCfg = Debug|Any CPU
		{DD9C1259-11E9-43A7-BFCF-EEF78795A14A}.Debug|Any CPU.Build.0 = Debug|Any CPU
		{DD9C1259-11E9-43A7-BFCF-EEF78795A14A}.Release|Any CPU.ActiveCfg = Release|Any CPU
		{DD9C1259-11E9-43A7-BFCF-EEF78795A14A}.Release|Any CPU.Build.0 = Release|Any CPU
	EndGlobalSection
	GlobalSection(SolutionProperties) = preSolution
		HideSolutionNode = FALSE
	EndGlobalSection
	GlobalSection(ExtensibilityGlobals) = postSolution
		SolutionGuid = {65FEB6CA-8DAF-4F1D-9397-B6DD6357DE5A}
	EndGlobalSection
EndGlobal
